{
  "version": "3",
  "packages": {
    "specifiers": {
      "npm:mongodb": "npm:mongodb@6.2.0",
      "npm:mongodb@6.2.0": "npm:mongodb@6.2.0",
      "npm:nanoid": "npm:nanoid@5.0.2"
    },
    "npm": {
      "@mongodb-js/saslprep@1.1.1": {
        "integrity": "sha512-t7c5K033joZZMspnHg/gWPE4kandgc2OxE74aYOtGKfgB9VPuVJPix0H6fhmm2erj5PBJ21mqcx34lpIGtUCsQ==",
        "dependencies": {
          "sparse-bitfield": "sparse-bitfield@3.0.3"
        }
      },
      "@types/node@18.16.19": {
        "integrity": "sha512-IXl7o+R9iti9eBW4Wg2hx1xQDig183jj7YLn8F7udNceyfkbn1ZxmzZXuak20gR40D7pIkIY1kYGx5VIGbaHKA==",
        "dependencies": {}
      },
      "@types/webidl-conversions@7.0.2": {
        "integrity": "sha512-uNv6b/uGRLlCVmelat2rA8bcVd3k/42mV2EmjhPh6JLkd35T5bgwR/t6xy7a9MWhd9sixIeBUzhBenvk3NO+DQ==",
        "dependencies": {}
      },
      "@types/whatwg-url@8.2.2": {
        "integrity": "sha512-FtQu10RWgn3D9U4aazdwIE2yzphmTJREDqNdODHrbrZmmMqI0vMheC/6NE/J1Yveaj8H+ela+YwWTjq5PGmuhA==",
        "dependencies": {
          "@types/node": "@types/node@18.16.19",
          "@types/webidl-conversions": "@types/webidl-conversions@7.0.2"
        }
      },
      "bson@6.2.0": {
        "integrity": "sha512-ID1cI+7bazPDyL9wYy9GaQ8gEEohWvcUl/Yf0dIdutJxnmInEEyCsb4awy/OiBfall7zBA179Pahi3vCdFze3Q==",
        "dependencies": {}
      },
      "memory-pager@1.5.0": {
        "integrity": "sha512-ZS4Bp4r/Zoeq6+NLJpP+0Zzm0pR8whtGPf1XExKLJBAczGMnSi3It14OiNCStjQjM6NU1okjQGSxgEZN8eBYKg==",
        "dependencies": {}
      },
      "mongodb-connection-string-url@2.6.0": {
        "integrity": "sha512-WvTZlI9ab0QYtTYnuMLgobULWhokRjtC7db9LtcVfJ+Hsnyr5eo6ZtNAt3Ly24XZScGMelOcGtm7lSn0332tPQ==",
        "dependencies": {
          "@types/whatwg-url": "@types/whatwg-url@8.2.2",
          "whatwg-url": "whatwg-url@11.0.0"
        }
      },
      "mongodb@6.2.0": {
        "integrity": "sha512-d7OSuGjGWDZ5usZPqfvb36laQ9CPhnWkAGHT61x5P95p/8nMVeH8asloMwW6GcYFeB0Vj4CB/1wOTDG2RA9BFA==",
        "dependencies": {
          "@mongodb-js/saslprep": "@mongodb-js/saslprep@1.1.1",
          "bson": "bson@6.2.0",
          "mongodb-connection-string-url": "mongodb-connection-string-url@2.6.0"
        }
      },
      "nanoid@5.0.2": {
        "integrity": "sha512-2ustYUX1R2rL/Br5B/FMhi8d5/QzvkJ912rBYxskcpu0myTHzSZfTr1LAS2Sm7jxRUObRrSBFoyzwAhL49aVSg==",
        "dependencies": {}
      },
      "punycode@2.3.1": {
        "integrity": "sha512-vYt7UD1U9Wg6138shLtLOvdAu+8DsC/ilFtEVHcH+wydcSpNE20AfSOduf6MkRFahL5FY7X1oU7nKVZFtfq8Fg==",
        "dependencies": {}
      },
      "sparse-bitfield@3.0.3": {
        "integrity": "sha512-kvzhi7vqKTfkh0PZU+2D2PIllw2ymqJKujUcyPMd9Y75Nv4nPbGJZXNhxsgdQab2BmlDct1YnfQCguEvHr7VsQ==",
        "dependencies": {
          "memory-pager": "memory-pager@1.5.0"
        }
      },
      "tr46@3.0.0": {
        "integrity": "sha512-l7FvfAHlcmulp8kr+flpQZmVwtu7nfRV7NZujtN0OqES8EL4O4e0qqzL0DC5gAvx/ZC/9lk6rhcUwYvkBnBnYA==",
        "dependencies": {
          "punycode": "punycode@2.3.1"
        }
      },
      "webidl-conversions@7.0.0": {
        "integrity": "sha512-VwddBukDzu71offAQR975unBIGqfKZpM+8ZX6ySk8nYhVoo5CYaZyzt3YBvYtRtO+aoGlqxPg/B87NGVZ/fu6g==",
        "dependencies": {}
      },
      "whatwg-url@11.0.0": {
        "integrity": "sha512-RKT8HExMpoYx4igMiVMY83lN6UeITKJlBQ+vR/8ZJ8OCdSiN3RwCq+9gH0+Xzj0+5IrM6i4j/6LuvzbZIQgEcQ==",
        "dependencies": {
          "tr46": "tr46@3.0.0",
          "webidl-conversions": "webidl-conversions@7.0.0"
        }
      }
    }
  },
  "remote": {
    "https://deno.land/std@0.200.0/streams/write_all.ts": "aec90152978581ea62d56bb53a5cbf487e6a89c902f87c5969681ffbdf32b998",
    "https://deno.land/x/nats@v1.17.0/jetstream/consumer.ts": "d2582691400350af0d312c33f9c8d1ce56e5f931323ed2fa03113983d716391e",
    "https://deno.land/x/nats@v1.17.0/jetstream/internal_mod.ts": "7580e168a610efa83f8b4b76a39dd4d19fb71a25dcfb4de6e77bebfa3a4f225b",
    "https://deno.land/x/nats@v1.17.0/jetstream/jsapi_types.ts": "ba6a3dc06c25bd3316436a78c0bbf8a2073e5486eeb9a861834d620e2a58ce1c",
    "https://deno.land/x/nats@v1.17.0/jetstream/jsbaseclient_api.ts": "9276bd7a44f7fdb6947b4589c18b4f7ec5c61f938cf6364fb2e5cc00712bc946",
    "https://deno.land/x/nats@v1.17.0/jetstream/jsclient.ts": "f5d72e9596fa90c34df34da991a3a1cfca1ee82f6aa720f6eaac79b2ae7d793f",
    "https://deno.land/x/nats@v1.17.0/jetstream/jslister.ts": "6e481fb5e1622891f4dafb7742cc2ec4fe28b50ca8e904681c01e996f2ca2ac0",
    "https://deno.land/x/nats@v1.17.0/jetstream/jsm.ts": "20ac750904cd7a22256393cd61a67522bf2a0797d150e22b3e922685868b70f6",
    "https://deno.land/x/nats@v1.17.0/jetstream/jsmconsumer_api.ts": "6ce8dcb1db0be0d813721a2789a3686ff91e729fc8cc025afd4d5e1507931012",
    "https://deno.land/x/nats@v1.17.0/jetstream/jsmsg.ts": "31ad258da4177291f83d108ae682f6380d245abbdbe1f1db4b9d821ad19e3de1",
    "https://deno.land/x/nats@v1.17.0/jetstream/jsmstream_api.ts": "52d94a28089974a4006b8c22a72148842649d935b8d3f2b6c4b4cbc9d96954b0",
    "https://deno.land/x/nats@v1.17.0/jetstream/jsutil.ts": "a0e1392c792a66b076f0c2ad62f94afe7649c5ebac0ce270a0961bf5a526c8b9",
    "https://deno.land/x/nats@v1.17.0/jetstream/kv.ts": "e4422a0b1aebd6754008b10af84ab75d765599994c0277e914a08ef1ec38dcd7",
    "https://deno.land/x/nats@v1.17.0/jetstream/mod.ts": "5a77e59fae40ccc4c4cb20d5ab360c555f9967397d75211d7e169216d8d2748f",
    "https://deno.land/x/nats@v1.17.0/jetstream/objectstore.ts": "9f5dcad754ef0d6f1594c9b6f79baa6dffa81308303757c242626f3d90bf5a35",
    "https://deno.land/x/nats@v1.17.0/jetstream/types.ts": "ac3def2f13e3822821a205c84d6f9125ddf4e2fbe677635d8ebd2a68f6bf2679",
    "https://deno.land/x/nats@v1.17.0/nats-base-client/authenticator.ts": "9cbfef9352748917ceada487e1ee44d91f55cd5e51d3a74577d99c77d8456d02",
    "https://deno.land/x/nats@v1.17.0/nats-base-client/base64.ts": "c031bf9f8ac451f2e50c44a3b2f9ff564d61bb14c51834ce73db837e1dee432b",
    "https://deno.land/x/nats@v1.17.0/nats-base-client/bench.ts": "bb615b424db7597037cb15f03727ec8363813648fbced71ec588c29ba975e85f",
    "https://deno.land/x/nats@v1.17.0/nats-base-client/codec.ts": "da86654fb1f52766b998bbe22f28aa3bd3bfe6098f4d03a364999b75d522c551",
    "https://deno.land/x/nats@v1.17.0/nats-base-client/core.ts": "bbb9e42473889a54736a6506704b2467a9963a5e376c3ce28a4b684c5aa341ab",
    "https://deno.land/x/nats@v1.17.0/nats-base-client/databuffer.ts": "4f92f772ca6701d15f2d148d2d34543558d458b20014d0404f605f84b747b75f",
    "https://deno.land/x/nats@v1.17.0/nats-base-client/denobuffer.ts": "83686bd747953167824694a3f4882ed7134a4fe70b3af89b65b41c284bc0c06a",
    "https://deno.land/x/nats@v1.17.0/nats-base-client/encoders.ts": "223f9a203d4540d3df1f219b7a93f7a04e94a4ee8b5609ce99317e25b11cdbcf",
    "https://deno.land/x/nats@v1.17.0/nats-base-client/headers.ts": "5321eb4234ee9ea20b0df367129edd66a50fb736af58ab68d7ebd7d820a2e9a3",
    "https://deno.land/x/nats@v1.17.0/nats-base-client/heartbeats.ts": "ae28515ee032f9bfc391809c146b85f5d59b9acc56d9c83a7222acfa0d2fe019",
    "https://deno.land/x/nats@v1.17.0/nats-base-client/idleheartbeat.ts": "b5a6056277284309e479b8ea9fd16ef7dabb2bc33fb2e218b439f4982d563bf2",
    "https://deno.land/x/nats@v1.17.0/nats-base-client/internal_mod.ts": "39879e20b3723f0e206f28d7a0c42a6f408312a433cee89687c21f4b2dbe619e",
    "https://deno.land/x/nats@v1.17.0/nats-base-client/ipparser.ts": "eced7163655be5bb457f9a3a5880239131996e3ae7d7817db88c156faa42d29f",
    "https://deno.land/x/nats@v1.17.0/nats-base-client/mod.ts": "f7d0421f0f3368a69aa3c4fe25f9eaaa07ce8126fe271f0b4404a02e06287127",
    "https://deno.land/x/nats@v1.17.0/nats-base-client/msg.ts": "c8be6f4f7488eb3af30e2038e3f0a0d7e913964a4559e2f8ba37d13374a3bc43",
    "https://deno.land/x/nats@v1.17.0/nats-base-client/muxsubscription.ts": "07ce9bf83c11f4e1e1e927cdaaaabbb07929af18ee024ca9e462650009e31d74",
    "https://deno.land/x/nats@v1.17.0/nats-base-client/nats.ts": "36609471c1149407f4605ed29875e4268d937b3a8719ac0408fb55e5c1ce5002",
    "https://deno.land/x/nats@v1.17.0/nats-base-client/nkeys.ts": "01aa92908831dd3baad8dbc0e1b3eb05c7b8532a96f799244ff5da16aaee8e69",
    "https://deno.land/x/nats@v1.17.0/nats-base-client/nuid.ts": "f9b0a944338f6b5cf44dd652d22016acdc59ab6fbdaef6cdffa4bae633f2e0f5",
    "https://deno.land/x/nats@v1.17.0/nats-base-client/options.ts": "a09d1e9c987517f85a25d2fd213779ed3ae8f66760810e5f8d022d7cd83add43",
    "https://deno.land/x/nats@v1.17.0/nats-base-client/parser.ts": "841c14dab3ba248f839cd14574e2249a5e98acc75e105ecdc4242501ef2b9f5a",
    "https://deno.land/x/nats@v1.17.0/nats-base-client/protocol.ts": "bda45d234b9eea575780281bc72c0a77c2a844f548c508cdf050a9ff5b39dd86",
    "https://deno.land/x/nats@v1.17.0/nats-base-client/queued_iterator.ts": "9dd1f8abdc00ed745d1294ab4d8e2d70bd29a894b6dc207bf67a5a8fb2fea50d",
    "https://deno.land/x/nats@v1.17.0/nats-base-client/request.ts": "36f57e9129a06140c52ddf7a1775954b775ee7dbe653c2b665ecaea9d1eff8cd",
    "https://deno.land/x/nats@v1.17.0/nats-base-client/semver.ts": "dfe6cf4c8841eea153884ac24a3cf8fc95fec886fa79b3f799932d60af1bdc62",
    "https://deno.land/x/nats@v1.17.0/nats-base-client/servers.ts": "1604c69f9f2dcf7fb5be311ea6b9c414fc425611db3f1a880d4830dbaab9a5bf",
    "https://deno.land/x/nats@v1.17.0/nats-base-client/service.ts": "2fa4c9f32dcb65c4c1947bfcf7bcda7bea5038d851680657b8358e70a27affd8",
    "https://deno.land/x/nats@v1.17.0/nats-base-client/serviceclient.ts": "8110c8b3d4b21baf43f8d1b12e7f245eef51408d1406e343403764e28e8e505d",
    "https://deno.land/x/nats@v1.17.0/nats-base-client/sha256.js": "87a436302eafacfea9600cf0276245f39d13718c4cbaa81daff47af4ea6523fd",
    "https://deno.land/x/nats@v1.17.0/nats-base-client/transport.ts": "645996427e586083bac2155d48134306b07ad6baca014fa6a78ee1feb69c9366",
    "https://deno.land/x/nats@v1.17.0/nats-base-client/typedsub.ts": "b5f0c5f270975a6425c6467719ecd5caf538fe0eaafc2c12abc73fd7a577c3e1",
    "https://deno.land/x/nats@v1.17.0/nats-base-client/types.ts": "fa9f61b492fffb153ae794a41b19c89094f988c4eb79ff98211fd367eb70c385",
    "https://deno.land/x/nats@v1.17.0/nats-base-client/util.ts": "62a763dcd06ee113ce6fb47a4038b11aeb511093002453fe344aab185c114cf8",
    "https://deno.land/x/nats@v1.17.0/src/connect.ts": "117abbed3b942555451e5adf31befd34ee64aa2b12e36688cb11fb9c7e69c221",
    "https://deno.land/x/nats@v1.17.0/src/deno_transport.ts": "0c49009618f95345af29dc0090538d78d00dfc466bd12c65e3df64aef6a344e2",
    "https://deno.land/x/nats@v1.17.0/src/mod.ts": "e5c12c8215cb250d888f9c0e4ee3372a1adbbcd938f8264a8a5275f194f99a3c",
    "https://deno.land/x/reflect_metadata@v0.1.12/Reflect.ts": "eced7b7e642853c6fb9a209f96ddd1932ab1e0fc3c514705c87d56169c8fe260",
    "https://deno.land/x/reflect_metadata@v0.1.12/mod.ts": "8b5e3b20f1e604c118df433e84a409b1d5116e885001047134cc42ecf84fa2cd",
    "https://his-dev.hepiuscare.com.tw/base/controller-base/decorators.ts": "37f14b5572c73d8e9ce0a1a369329d58aabdf7a10e0dac0a0c0d95cfaa85aba5",
    "https://his-dev.hepiuscare.com.tw/base/controller-base/instanceProvider.ts": "4ea5dda90bf86694f80d2d3cb6dc91da417674f56865cac50aaf297db3025967",
    "https://his-dev.hepiuscare.com.tw/base/controller-base/mod.ts": "89355ada4d119d8b0ada8c915be092e9bd38e1e93ce5f94924a3036a82dd6032",
    "https://his-dev.hepiuscare.com.tw/base/datatypes/index.js": "10b392834508f2d27909acd99d1079b80e835ea66f1f720a5ddccff6347d46ff",
    "https://his-dev.hepiuscare.com.tw/base/datatypes/src/address.js": "7209bb8833d04a995bf4b275dd667004cc343072c625fa28078dfa7a2abb4285",
    "https://his-dev.hepiuscare.com.tw/base/datatypes/src/check-list.js": "f66f68968508e381daf6cb0a38b414aa89656cc70bb66898cd2135d5add362e3",
    "https://his-dev.hepiuscare.com.tw/base/datatypes/src/coding.js": "18273b80764d568afabb7d820103a603f808239eadcb0e30711da9df1a2ad1c0",
    "https://his-dev.hepiuscare.com.tw/base/datatypes/src/descriptions.js": "573cda8a7f2630afd2bb8465ddaf527f12e52b2e7775da3558c9019445d48bd0",
    "https://his-dev.hepiuscare.com.tw/base/datatypes/src/index-object.js": "3b70d1602571459a494177f8ca7579961d2e07ba1f918419ac8211d748a57658",
    "https://his-dev.hepiuscare.com.tw/base/datatypes/src/index.js": "1e15cb1b17f6db62b108b8e1e61d1e685d90e41293b72411abdf2103d3e6265c",
    "https://his-dev.hepiuscare.com.tw/base/datatypes/src/period.js": "000e36b34ea8658c0f970cf53c270b4bf35039e6c3c64a6d7042d08f7184afd3",
    "https://his-dev.hepiuscare.com.tw/base/datatypes/src/quantity.js": "0255fda506d7f911cff151d19179e5d40e4775fbf10a7395267b306e8fd1a9bc",
    "https://his-dev.hepiuscare.com.tw/base/jetstream/jetstream.interface.ts": "c2ff21ba5be9ee698d1ff5d9179633119bb324420f8186f0d02fdba457906d6b",
    "https://his-dev.hepiuscare.com.tw/base/jetstream/jetstream.service.ts": "42155440bc4989993b87f7b6ac8afb06db499b42be898a9a5588177daaae49b0",
    "https://his-dev.hepiuscare.com.tw/base/jetstream/mod.ts": "9eb69910adabad566c3331ccd320c6c379bb1f776121e38f76993804ae4ed2a5",
    "https://his-dev.hepiuscare.com.tw/base/mongo-base/hpc-collection.ts": "307399cb98822ccda0bf58fb6f83d056661dcc6352790c62f6ff16a70df67d18",
    "https://his-dev.hepiuscare.com.tw/base/mongo-base/join-object.ts": "99517e38fb439a6dd21c6249ace99415e8dc79e461b8c7d30c20271943e41dc0",
    "https://his-dev.hepiuscare.com.tw/base/mongo-base/mod.ts": "ddeaaa6f38469274422bee1bb8be5f7d5bfd0975aca45ccf710736cbcc800add",
    "https://his-dev.hepiuscare.com.tw/base/mongo-base/mongo-base.ts": "259d311ec74ed1dc2d1c4366eabaf8e865649877b6751762aaca6a387375d05d",
    "https://his-dev.hepiuscare.com.tw/viewmodel/app-portal/app/app-news.js": "9c838ea799aec00cf6a99497d23d90c59ef16b265db6e280d4c97254507b1fba",
    "https://his-dev.hepiuscare.com.tw/viewmodel/app-portal/app/app-page-req.js": "9321bcf5355ecae9987bf24ba019bb100b9996299bd91a7e72291244ed74e383",
    "https://his-dev.hepiuscare.com.tw/viewmodel/app-portal/app/app-page.js": "7453f0c306932178c3355a2ae380da00ab40720862585bccb2aa35c55f090267",
    "https://his-dev.hepiuscare.com.tw/viewmodel/app-portal/app/app-store.js": "db00844bcc43e8716dcfb42be7c1662d23b0def27f157289defce9eb6f88a822",
    "https://his-dev.hepiuscare.com.tw/viewmodel/app-portal/app/dock-property.js": "3f7808b3227ebb0eb61a7d2fa50a1cadceb231c533a0d1145ff247e8f7020895",
    "https://his-dev.hepiuscare.com.tw/viewmodel/app-portal/app/event-consumer.js": "14650c9b44f14961965b52f6c4764db257176340e97fe4a0958a0f8360c87f65",
    "https://his-dev.hepiuscare.com.tw/viewmodel/app-portal/app/event-subject.js": "528655a60a1928352e8a8b58fe41fbf95104fb779c7fa210f3bf9ec8da62bc6b",
    "https://his-dev.hepiuscare.com.tw/viewmodel/app-portal/app/index.js": "4f56fc87efec51379c5984967494f016dbbbe89e809d12124da8e83ba8e870e8",
    "https://his-dev.hepiuscare.com.tw/viewmodel/app-portal/app/init-password.js": "ca9c39963ec7153b53558fbb6bc8b700859e9df30897885cef64883b84db625c",
    "https://his-dev.hepiuscare.com.tw/viewmodel/app-portal/app/login-req.js": "6a02b4712cc1e61cb2cbd56e9d4253d265e6e34efe3f82350af70bf03d57688c",
    "https://his-dev.hepiuscare.com.tw/viewmodel/app-portal/app/mail-req.js": "5524a52661e85fe7624fbb2873e54dd198ed842bd4c58f6259a2dd028adece9c",
    "https://his-dev.hepiuscare.com.tw/viewmodel/app-portal/app/my-app-news.js": "8144673be359503cc10c54ae981ee7378f7305acbf07fcea53b664cdea52bd9f",
    "https://his-dev.hepiuscare.com.tw/viewmodel/app-portal/app/my-app-profile.js": "71f9859c3da2483f426bb778b3f6092468c914486c0b2c67158dfc3b9c0dc01b",
    "https://his-dev.hepiuscare.com.tw/viewmodel/app-portal/app/my-app-store.js": "8d40a24123031e861e54f790928200e232582b396b113a923c55f93b4f9ccc24",
    "https://his-dev.hepiuscare.com.tw/viewmodel/app-portal/app/to-do.js": "05e7c07e4744d5d9e5290c5a4b9bb75780a4ec93e9a0109fb804cf6ec4cb9b3b",
    "https://his-dev.hepiuscare.com.tw/viewmodel/app-portal/app/user-account.js": "16d87b1b53de048e3db5d0cf5ce5c6b8754dd678059cc741650f705ff6d72ff5",
    "https://his-dev.hepiuscare.com.tw/viewmodel/app-portal/app/user-app-store.js": "e4b517b443c1a0f4f6d99f47bcac3bb3b1e33f08a2b1a6c13b4f57a447d8fbef",
    "https://his-dev.hepiuscare.com.tw/viewmodel/app-portal/app/user-image.js": "4c5798f3654c417d92ad32b7aa5ba1904f5492f1b3c54ad0aea5645f1ae72b6d",
    "https://his-dev.hepiuscare.com.tw/viewmodel/app-portal/app/user-news.js": "b4e7b74694f988f1f3e2ff17af35beed39303a3cc533d8e7a02081971ae163a2",
    "https://his-dev.hepiuscare.com.tw/viewmodel/app-portal/app/user-profile.js": "4d5e09c4809115885c624ad686285e6cac0d6803380b655b653d4b6ec2f27f4b",
    "https://his-dev.hepiuscare.com.tw/viewmodel/app-portal/app/user-token.js": "ebef4704aa052b435bda430c56e4f01ed954dad6f6b4187633025f63a9b85cf5",
    "https://his-dev.hepiuscare.com.tw/viewmodel/app-portal/index.js": "4c60229afe11786dd4c5982d190348f110923c3dfbfeb9a47728bc091a5136c5",
    "https://raw.githubusercontent.com/nats-io/nkeys.js/v1.0.4/modules/esm/deps.ts": "38d8dcfc3ca0b7429532477127719affa0da04824610e2a1069f9f935032894f",
    "https://raw.githubusercontent.com/nats-io/nkeys.js/v1.0.4/modules/esm/mod.ts": "43c3fbbad0244dde7ae229e778dbefba7f28955a7ff5257d4ed1635b5576fb31",
    "https://raw.githubusercontent.com/nats-io/nkeys.js/v1.0.4/modules/esm/nacl.js": "251e4ffcd6d2c56c7773bcf8c1549e9c07b32adb7a2156908a04930a52e614de",
    "https://raw.githubusercontent.com/nats-io/nkeys.js/v1.0.4/src/base32.ts": "07cbfd2551cf1ef4e45784058f7583495354a167c17a75b6cbdbf6b11d91c235",
    "https://raw.githubusercontent.com/nats-io/nkeys.js/v1.0.4/src/codec.ts": "23a574d4c7e4059c503992d6cb8ab0aa5c518f52848c4599ce04049a75f8e8ee",
    "https://raw.githubusercontent.com/nats-io/nkeys.js/v1.0.4/src/crc16.ts": "0290d486579668a79602cef211a28038630e685147e8ddf79b32ff41a871cfdd",
    "https://raw.githubusercontent.com/nats-io/nkeys.js/v1.0.4/src/helper.ts": "8c4121b879ac5d0d4e05b227e15a7e29057642282f020d49de36ca3c33b7d1ed",
    "https://raw.githubusercontent.com/nats-io/nkeys.js/v1.0.4/src/kp.ts": "360259ef2bea8ee65c8fce04efb4b5aaff14382d155c0668c131d959ef9098bb",
    "https://raw.githubusercontent.com/nats-io/nkeys.js/v1.0.4/src/mod.ts": "467181195143688f969a8d1f106e4d5064116d4736a77347f681c2a6c010ede4",
    "https://raw.githubusercontent.com/nats-io/nkeys.js/v1.0.4/src/nkeys.ts": "ef6d234c2661598f39dd30f68b83be1ba84e6f89b851ffaabfad5128917cd8f3",
    "https://raw.githubusercontent.com/nats-io/nkeys.js/v1.0.4/src/public.ts": "b5c893dad5ec139296bcaec6ea11ab4cb06da4f6978e05ff9c37f7d17a7c6101",
    "https://raw.githubusercontent.com/nats-io/nkeys.js/v1.0.4/src/util.ts": "96c4c8f707ef6aaa00c23527d0a7b935efe1df3dd94e6d40707e37c5e0f14e27"
  }
}
